
Microsoft Visual Studio Solution File, Format Version 12.00
# Visual Studio Version 17
VisualStudioVersion = 17.0.31903.59
MinimumVisualStudioVersion = 10.0.40219.1
Project("{FAE04EC0-301F-11D3-BF4B-00C04F79EFBC}") = "Scheduler.Api", "Scheduler.Api\Scheduler.Api.csproj", "{2A6926D1-AE49-46D3-B298-F40501336AB7}"
EndProject
Project("{FAE04EC0-301F-11D3-BF4B-00C04F79EFBC}") = "Scheduler.Application", "Scheduler.Application\Scheduler.Application.csproj", "{0C4B101F-A350-442C-A2E8-DF29F7F64054}"
EndProject
Project("{FAE04EC0-301F-11D3-BF4B-00C04F79EFBC}") = "Scheduler.Domain", "Scheduler.Domain\Scheduler.Domain.csproj", "{D4561FBC-8942-4305-A095-E35618D33C0F}"
EndProject
Project("{FAE04EC0-301F-11D3-BF4B-00C04F79EFBC}") = "Scheduler.Infrastructure", "Scheduler.Infrastructure\Scheduler.Infrastructure.csproj", "{356EB394-3120-4ACB-9C78-EBDAA084C7DD}"
EndProject
Global
	GlobalSection(SolutionConfigurationPlatforms) = preSolution
		Debug|Any CPU = Debug|Any CPU
		Release|Any CPU = Release|Any CPU
	EndGlobalSection
	GlobalSection(SolutionProperties) = preSolution
		HideSolutionNode = FALSE
	EndGlobalSection
	GlobalSection(ProjectConfigurationPlatforms) = postSolution
		{2A6926D1-AE49-46D3-B298-F40501336AB7}.Debug|Any CPU.ActiveCfg = Debug|Any CPU
		{2A6926D1-AE49-46D3-B298-F40501336AB7}.Debug|Any CPU.Build.0 = Debug|Any CPU
		{2A6926D1-AE49-46D3-B298-F40501336AB7}.Release|Any CPU.ActiveCfg = Release|Any CPU
		{2A6926D1-AE49-46D3-B298-F40501336AB7}.Release|Any CPU.Build.0 = Release|Any CPU
		{0C4B101F-A350-442C-A2E8-DF29F7F64054}.Debug|Any CPU.ActiveCfg = Debug|Any CPU
		{0C4B101F-A350-442C-A2E8-DF29F7F64054}.Debug|Any CPU.Build.0 = Debug|Any CPU
		{0C4B101F-A350-442C-A2E8-DF29F7F64054}.Release|Any CPU.ActiveCfg = Release|Any CPU
		{0C4B101F-A350-442C-A2E8-DF29F7F64054}.Release|Any CPU.Build.0 = Release|Any CPU
		{D4561FBC-8942-4305-A095-E35618D33C0F}.Debug|Any CPU.ActiveCfg = Debug|Any CPU
		{D4561FBC-8942-4305-A095-E35618D33C0F}.Debug|Any CPU.Build.0 = Debug|Any CPU
		{D4561FBC-8942-4305-A095-E35618D33C0F}.Release|Any CPU.ActiveCfg = Release|Any CPU
		{D4561FBC-8942-4305-A095-E35618D33C0F}.Release|Any CPU.Build.0 = Release|Any CPU
		{356EB394-3120-4ACB-9C78-EBDAA084C7DD}.Debug|Any CPU.ActiveCfg = Debug|Any CPU
		{356EB394-3120-4ACB-9C78-EBDAA084C7DD}.Debug|Any CPU.Build.0 = Debug|Any CPU
		{356EB394-3120-4ACB-9C78-EBDAA084C7DD}.Release|Any CPU.ActiveCfg = Release|Any CPU
		{356EB394-3120-4ACB-9C78-EBDAA084C7DD}.Release|Any CPU.Build.0 = Release|Any CPU
	EndGlobalSection
EndGlobal
